# This file is generated by running "yarn install" inside your project.
# Manual changes might be lost - proceed with caution!

__metadata:
  version: 8
  cacheKey: 10

"@adraffy/ens-normalize@npm:1.10.0":
  version: 1.10.1
  resolution: "@adraffy/ens-normalize@npm:1.10.1"
  checksum: 10/4cb938c4abb88a346d50cb0ea44243ab3574330c81d4f5aaaf9dfee584b96189d0faa404de0fcbef5a1b73909ea4ebc3e63d84bd23f9949e5c8d4085207a5091
  languageName: node
  linkType: hard

"@babel/runtime@npm:^7.15.4":
  version: 7.24.7
  resolution: "@babel/runtime@npm:7.24.7"
  dependencies:
    regenerator-runtime: "npm:^0.14.0"
  checksum: 10/7b77f566165dee62db3db0296e71d08cafda3f34e1b0dcefcd68427272e17c1704f4e4369bff76651b07b6e49d3ea5a0ce344818af9116e9292e4381e0918c76
  languageName: node
  linkType: hard

"@biomejs/biome@npm:^1.8.3":
  version: 1.8.3
  resolution: "@biomejs/biome@npm:1.8.3"
  dependencies:
    "@biomejs/cli-darwin-arm64": "npm:1.8.3"
    "@biomejs/cli-darwin-x64": "npm:1.8.3"
    "@biomejs/cli-linux-arm64": "npm:1.8.3"
    "@biomejs/cli-linux-arm64-musl": "npm:1.8.3"
    "@biomejs/cli-linux-x64": "npm:1.8.3"
    "@biomejs/cli-linux-x64-musl": "npm:1.8.3"
    "@biomejs/cli-win32-arm64": "npm:1.8.3"
    "@biomejs/cli-win32-x64": "npm:1.8.3"
  dependenciesMeta:
    "@biomejs/cli-darwin-arm64":
      optional: true
    "@biomejs/cli-darwin-x64":
      optional: true
    "@biomejs/cli-linux-arm64":
      optional: true
    "@biomejs/cli-linux-arm64-musl":
      optional: true
    "@biomejs/cli-linux-x64":
      optional: true
    "@biomejs/cli-linux-x64-musl":
      optional: true
    "@biomejs/cli-win32-arm64":
      optional: true
    "@biomejs/cli-win32-x64":
      optional: true
  bin:
    biome: bin/biome
  checksum: 10/62dfa5147712ef21c384ea7b3c93c0ccac58291a85f2bbd2dee22c8381da5e347cd07bdb7bfcafcecb07fc112349e9d101e697774155553bde987fd47f9b12a1
  languageName: node
  linkType: hard

"@biomejs/cli-darwin-arm64@npm:1.8.3":
  version: 1.8.3
  resolution: "@biomejs/cli-darwin-arm64@npm:1.8.3"
  conditions: os=darwin & cpu=arm64
  languageName: node
  linkType: hard

"@biomejs/cli-darwin-x64@npm:1.8.3":
  version: 1.8.3
  resolution: "@biomejs/cli-darwin-x64@npm:1.8.3"
  conditions: os=darwin & cpu=x64
  languageName: node
  linkType: hard

"@biomejs/cli-linux-arm64-musl@npm:1.8.3":
  version: 1.8.3
  resolution: "@biomejs/cli-linux-arm64-musl@npm:1.8.3"
  conditions: os=linux & cpu=arm64 & libc=musl
  languageName: node
  linkType: hard

"@biomejs/cli-linux-arm64@npm:1.8.3":
  version: 1.8.3
  resolution: "@biomejs/cli-linux-arm64@npm:1.8.3"
  conditions: os=linux & cpu=arm64 & libc=glibc
  languageName: node
  linkType: hard

"@biomejs/cli-linux-x64-musl@npm:1.8.3":
  version: 1.8.3
  resolution: "@biomejs/cli-linux-x64-musl@npm:1.8.3"
  conditions: os=linux & cpu=x64 & libc=musl
  languageName: node
  linkType: hard

"@biomejs/cli-linux-x64@npm:1.8.3":
  version: 1.8.3
  resolution: "@biomejs/cli-linux-x64@npm:1.8.3"
  conditions: os=linux & cpu=x64 & libc=glibc
  languageName: node
  linkType: hard

"@biomejs/cli-win32-arm64@npm:1.8.3":
  version: 1.8.3
  resolution: "@biomejs/cli-win32-arm64@npm:1.8.3"
  conditions: os=win32 & cpu=arm64
  languageName: node
  linkType: hard

"@biomejs/cli-win32-x64@npm:1.8.3":
  version: 1.8.3
  resolution: "@biomejs/cli-win32-x64@npm:1.8.3"
  conditions: os=win32 & cpu=x64
  languageName: node
  linkType: hard

"@ethersproject/abi@npm:5.7.0, @ethersproject/abi@npm:^5.7.0":
  version: 5.7.0
  resolution: "@ethersproject/abi@npm:5.7.0"
  dependencies:
    "@ethersproject/address": "npm:^5.7.0"
    "@ethersproject/bignumber": "npm:^5.7.0"
    "@ethersproject/bytes": "npm:^5.7.0"
    "@ethersproject/constants": "npm:^5.7.0"
    "@ethersproject/hash": "npm:^5.7.0"
    "@ethersproject/keccak256": "npm:^5.7.0"
    "@ethersproject/logger": "npm:^5.7.0"
    "@ethersproject/properties": "npm:^5.7.0"
    "@ethersproject/strings": "npm:^5.7.0"
  checksum: 10/6ed002cbc61a7e21bc0182702345659c1984f6f8e6bad166e43aee76ea8f74766dd0f6236574a868e1b4600af27972bf25b973fae7877ae8da3afa90d3965cac
  languageName: node
  linkType: hard

"@ethersproject/abstract-provider@npm:5.7.0, @ethersproject/abstract-provider@npm:^5.7.0":
  version: 5.7.0
  resolution: "@ethersproject/abstract-provider@npm:5.7.0"
  dependencies:
    "@ethersproject/bignumber": "npm:^5.7.0"
    "@ethersproject/bytes": "npm:^5.7.0"
    "@ethersproject/logger": "npm:^5.7.0"
    "@ethersproject/networks": "npm:^5.7.0"
    "@ethersproject/properties": "npm:^5.7.0"
    "@ethersproject/transactions": "npm:^5.7.0"
    "@ethersproject/web": "npm:^5.7.0"
  checksum: 10/c03e413a812486002525f4036bf2cb90e77a19b98fa3d16279e28e0a05520a1085690fac2ee9f94b7931b9a803249ff8a8bbb26ff8dee52196a6ef7a3fc5edc5
  languageName: node
  linkType: hard

"@ethersproject/abstract-signer@npm:5.7.0, @ethersproject/abstract-signer@npm:^5.7.0":
  version: 5.7.0
  resolution: "@ethersproject/abstract-signer@npm:5.7.0"
  dependencies:
    "@ethersproject/abstract-provider": "npm:^5.7.0"
    "@ethersproject/bignumber": "npm:^5.7.0"
    "@ethersproject/bytes": "npm:^5.7.0"
    "@ethersproject/logger": "npm:^5.7.0"
    "@ethersproject/properties": "npm:^5.7.0"
  checksum: 10/0a6ffade0a947c9ba617048334e1346838f394d1d0a5307ac435a0c63ed1033b247e25ffb0cd6880d7dcf5459581f52f67e3804ebba42ff462050f1e4321ba0c
  languageName: node
  linkType: hard

"@ethersproject/address@npm:5.7.0, @ethersproject/address@npm:^5.7.0":
  version: 5.7.0
  resolution: "@ethersproject/address@npm:5.7.0"
  dependencies:
    "@ethersproject/bignumber": "npm:^5.7.0"
    "@ethersproject/bytes": "npm:^5.7.0"
    "@ethersproject/keccak256": "npm:^5.7.0"
    "@ethersproject/logger": "npm:^5.7.0"
    "@ethersproject/rlp": "npm:^5.7.0"
  checksum: 10/1ac4f3693622ed9fbbd7e966a941ec1eba0d9445e6e8154b1daf8e93b8f62ad91853d1de5facf4c27b41e6f1e47b94a317a2492ba595bee1841fd3030c3e9a27
  languageName: node
  linkType: hard

"@ethersproject/base64@npm:5.7.0, @ethersproject/base64@npm:^5.7.0":
  version: 5.7.0
  resolution: "@ethersproject/base64@npm:5.7.0"
  dependencies:
    "@ethersproject/bytes": "npm:^5.7.0"
  checksum: 10/7105105f401e1c681e61db1e9da1b5960d8c5fbd262bbcacc99d61dbb9674a9db1181bb31903d98609f10e8a0eb64c850475f3b040d67dea953e2b0ac6380e96
  languageName: node
  linkType: hard

"@ethersproject/basex@npm:5.7.0, @ethersproject/basex@npm:^5.7.0":
  version: 5.7.0
  resolution: "@ethersproject/basex@npm:5.7.0"
  dependencies:
    "@ethersproject/bytes": "npm:^5.7.0"
    "@ethersproject/properties": "npm:^5.7.0"
  checksum: 10/840e333e109bff2fcf8d91dcfd45fa951835844ef0e1ba710037e87291c7b5f3c189ba86f6cee2ca7de2ede5b7d59fbb930346607695855bee20d2f9f63371ef
  languageName: node
  linkType: hard

"@ethersproject/bignumber@npm:5.7.0, @ethersproject/bignumber@npm:^5.7.0":
  version: 5.7.0
  resolution: "@ethersproject/bignumber@npm:5.7.0"
  dependencies:
    "@ethersproject/bytes": "npm:^5.7.0"
    "@ethersproject/logger": "npm:^5.7.0"
    bn.js: "npm:^5.2.1"
  checksum: 10/09cffa18a9f0730856b57c14c345bd68ba451159417e5aff684a8808011cd03b27b7c465d423370333a7d1c9a621392fc74f064a3b02c9edc49ebe497da6d45d
  languageName: node
  linkType: hard

"@ethersproject/bytes@npm:5.7.0, @ethersproject/bytes@npm:^5.7.0":
  version: 5.7.0
  resolution: "@ethersproject/bytes@npm:5.7.0"
  dependencies:
    "@ethersproject/logger": "npm:^5.7.0"
  checksum: 10/8b3ffedb68c1a82cfb875e9738361409cc33e2dcb1286b6ccfdc4dd8dd0317f7eacc8937b736c467d213dffc44b469690fe1a951e901953d5a90c5af2b675ae4
  languageName: node
  linkType: hard

"@ethersproject/constants@npm:5.7.0, @ethersproject/constants@npm:^5.7.0":
  version: 5.7.0
  resolution: "@ethersproject/constants@npm:5.7.0"
  dependencies:
    "@ethersproject/bignumber": "npm:^5.7.0"
  checksum: 10/6d4b1355747cce837b3e76ec3bde70e4732736f23b04f196f706ebfa5d4d9c2be50904a390d4d40ce77803b98d03d16a9b6898418e04ba63491933ce08c4ba8a
  languageName: node
  linkType: hard

"@ethersproject/contracts@npm:5.7.0":
  version: 5.7.0
  resolution: "@ethersproject/contracts@npm:5.7.0"
  dependencies:
    "@ethersproject/abi": "npm:^5.7.0"
    "@ethersproject/abstract-provider": "npm:^5.7.0"
    "@ethersproject/abstract-signer": "npm:^5.7.0"
    "@ethersproject/address": "npm:^5.7.0"
    "@ethersproject/bignumber": "npm:^5.7.0"
    "@ethersproject/bytes": "npm:^5.7.0"
    "@ethersproject/constants": "npm:^5.7.0"
    "@ethersproject/logger": "npm:^5.7.0"
    "@ethersproject/properties": "npm:^5.7.0"
    "@ethersproject/transactions": "npm:^5.7.0"
  checksum: 10/5df66179af242faabea287a83fd2f8f303a4244dc87a6ff802e1e3b643f091451295c8e3d088c7739970b7915a16a581c192d4e007d848f1fdf3cc9e49010053
  languageName: node
  linkType: hard

"@ethersproject/hash@npm:5.7.0, @ethersproject/hash@npm:^5.7.0":
  version: 5.7.0
  resolution: "@ethersproject/hash@npm:5.7.0"
  dependencies:
    "@ethersproject/abstract-signer": "npm:^5.7.0"
    "@ethersproject/address": "npm:^5.7.0"
    "@ethersproject/base64": "npm:^5.7.0"
    "@ethersproject/bignumber": "npm:^5.7.0"
    "@ethersproject/bytes": "npm:^5.7.0"
    "@ethersproject/keccak256": "npm:^5.7.0"
    "@ethersproject/logger": "npm:^5.7.0"
    "@ethersproject/properties": "npm:^5.7.0"
    "@ethersproject/strings": "npm:^5.7.0"
  checksum: 10/d83de3f3a1b99b404a2e7bb503f5cdd90c66a97a32cce1d36b09bb8e3fb7205b96e30ad28e2b9f30083beea6269b157d0c6e3425052bb17c0a35fddfdd1c72a3
  languageName: node
  linkType: hard

"@ethersproject/hdnode@npm:5.7.0, @ethersproject/hdnode@npm:^5.7.0":
  version: 5.7.0
  resolution: "@ethersproject/hdnode@npm:5.7.0"
  dependencies:
    "@ethersproject/abstract-signer": "npm:^5.7.0"
    "@ethersproject/basex": "npm:^5.7.0"
    "@ethersproject/bignumber": "npm:^5.7.0"
    "@ethersproject/bytes": "npm:^5.7.0"
    "@ethersproject/logger": "npm:^5.7.0"
    "@ethersproject/pbkdf2": "npm:^5.7.0"
    "@ethersproject/properties": "npm:^5.7.0"
    "@ethersproject/sha2": "npm:^5.7.0"
    "@ethersproject/signing-key": "npm:^5.7.0"
    "@ethersproject/strings": "npm:^5.7.0"
    "@ethersproject/transactions": "npm:^5.7.0"
    "@ethersproject/wordlists": "npm:^5.7.0"
  checksum: 10/2fbe6278c324235afaa88baa5dea24d8674c72b14ad037fe2096134d41025977f410b04fd146e333a1b6cac9482e9de62d6375d1705fd42667543f2d0eb66655
  languageName: node
  linkType: hard

"@ethersproject/json-wallets@npm:5.7.0, @ethersproject/json-wallets@npm:^5.7.0":
  version: 5.7.0
  resolution: "@ethersproject/json-wallets@npm:5.7.0"
  dependencies:
    "@ethersproject/abstract-signer": "npm:^5.7.0"
    "@ethersproject/address": "npm:^5.7.0"
    "@ethersproject/bytes": "npm:^5.7.0"
    "@ethersproject/hdnode": "npm:^5.7.0"
    "@ethersproject/keccak256": "npm:^5.7.0"
    "@ethersproject/logger": "npm:^5.7.0"
    "@ethersproject/pbkdf2": "npm:^5.7.0"
    "@ethersproject/properties": "npm:^5.7.0"
    "@ethersproject/random": "npm:^5.7.0"
    "@ethersproject/strings": "npm:^5.7.0"
    "@ethersproject/transactions": "npm:^5.7.0"
    aes-js: "npm:3.0.0"
    scrypt-js: "npm:3.0.1"
  checksum: 10/4a1ef0912ffc8d18c392ae4e292948d86bffd715fe3dd3e66d1cd21f6c9267aeadad4da84261db853327f97cdfd765a377f9a87e39d4c6749223a69226faf0a1
  languageName: node
  linkType: hard

"@ethersproject/keccak256@npm:5.7.0, @ethersproject/keccak256@npm:^5.7.0":
  version: 5.7.0
  resolution: "@ethersproject/keccak256@npm:5.7.0"
  dependencies:
    "@ethersproject/bytes": "npm:^5.7.0"
    js-sha3: "npm:0.8.0"
  checksum: 10/ff70950d82203aab29ccda2553422cbac2e7a0c15c986bd20a69b13606ed8bb6e4fdd7b67b8d3b27d4f841e8222cbaccd33ed34be29f866fec7308f96ed244c6
  languageName: node
  linkType: hard

"@ethersproject/logger@npm:5.7.0, @ethersproject/logger@npm:^5.7.0":
  version: 5.7.0
  resolution: "@ethersproject/logger@npm:5.7.0"
  checksum: 10/683a939f467ae7510deedc23d7611d0932c3046137f5ffb92ba1e3c8cd9cf2fbbaa676b660c248441a0fa9143783137c46d6e6d17d676188dd5a6ef0b72dd091
  languageName: node
  linkType: hard

"@ethersproject/networks@npm:5.7.1, @ethersproject/networks@npm:^5.7.0":
  version: 5.7.1
  resolution: "@ethersproject/networks@npm:5.7.1"
  dependencies:
    "@ethersproject/logger": "npm:^5.7.0"
  checksum: 10/5265d0b4b72ef91af57be804b44507f4943038d609699764d8a69157ed381e30fe22ebf63630ed8e530ceb220f15d69dae8cda2e5023ccd793285c9d5882e599
  languageName: node
  linkType: hard

"@ethersproject/pbkdf2@npm:5.7.0, @ethersproject/pbkdf2@npm:^5.7.0":
  version: 5.7.0
  resolution: "@ethersproject/pbkdf2@npm:5.7.0"
  dependencies:
    "@ethersproject/bytes": "npm:^5.7.0"
    "@ethersproject/sha2": "npm:^5.7.0"
  checksum: 10/dea7ba747805e24b81dfb99e695eb329509bf5cad1a42e48475ade28e060e567458a3d5bf930f302691bded733fd3fa364f0c7adce920f9f05a5ef8c13267aaa
  languageName: node
  linkType: hard

"@ethersproject/properties@npm:5.7.0, @ethersproject/properties@npm:^5.7.0":
  version: 5.7.0
  resolution: "@ethersproject/properties@npm:5.7.0"
  dependencies:
    "@ethersproject/logger": "npm:^5.7.0"
  checksum: 10/f8401a161940aa1c32695115a20c65357877002a6f7dc13ab1600064bf54d7b825b4db49de8dc8da69efcbb0c9f34f8813e1540427e63e262ab841c1bf6c1c1e
  languageName: node
  linkType: hard

"@ethersproject/providers@npm:5.7.2":
  version: 5.7.2
  resolution: "@ethersproject/providers@npm:5.7.2"
  dependencies:
    "@ethersproject/abstract-provider": "npm:^5.7.0"
    "@ethersproject/abstract-signer": "npm:^5.7.0"
    "@ethersproject/address": "npm:^5.7.0"
    "@ethersproject/base64": "npm:^5.7.0"
    "@ethersproject/basex": "npm:^5.7.0"
    "@ethersproject/bignumber": "npm:^5.7.0"
    "@ethersproject/bytes": "npm:^5.7.0"
    "@ethersproject/constants": "npm:^5.7.0"
    "@ethersproject/hash": "npm:^5.7.0"
    "@ethersproject/logger": "npm:^5.7.0"
    "@ethersproject/networks": "npm:^5.7.0"
    "@ethersproject/properties": "npm:^5.7.0"
    "@ethersproject/random": "npm:^5.7.0"
    "@ethersproject/rlp": "npm:^5.7.0"
    "@ethersproject/sha2": "npm:^5.7.0"
    "@ethersproject/strings": "npm:^5.7.0"
    "@ethersproject/transactions": "npm:^5.7.0"
    "@ethersproject/web": "npm:^5.7.0"
    bech32: "npm:1.1.4"
    ws: "npm:7.4.6"
  checksum: 10/8534a1896e61b9f0b66427a639df64a5fe76d0c08ec59b9f0cc64fdd1d0cc28d9fc3312838ae8d7817c8f5e2e76b7f228b689bc33d1cbb8e1b9517d4c4f678d8
  languageName: node
  linkType: hard

"@ethersproject/random@npm:5.7.0, @ethersproject/random@npm:^5.7.0":
  version: 5.7.0
  resolution: "@ethersproject/random@npm:5.7.0"
  dependencies:
    "@ethersproject/bytes": "npm:^5.7.0"
    "@ethersproject/logger": "npm:^5.7.0"
  checksum: 10/c23ec447998ce1147651bd58816db4d12dbeb404f66a03d14a13e1edb439879bab18528e1fc46b931502903ac7b1c08ea61d6a86e621a6e060fa63d41aeed3ac
  languageName: node
  linkType: hard

"@ethersproject/rlp@npm:5.7.0, @ethersproject/rlp@npm:^5.7.0":
  version: 5.7.0
  resolution: "@ethersproject/rlp@npm:5.7.0"
  dependencies:
    "@ethersproject/bytes": "npm:^5.7.0"
    "@ethersproject/logger": "npm:^5.7.0"
  checksum: 10/3b8c5279f7654794d5874569f5598ae6a880e19e6616013a31e26c35c5f586851593a6e85c05ed7b391fbc74a1ea8612dd4d867daefe701bf4e8fcf2ab2f29b9
  languageName: node
  linkType: hard

"@ethersproject/sha2@npm:5.7.0, @ethersproject/sha2@npm:^5.7.0":
  version: 5.7.0
  resolution: "@ethersproject/sha2@npm:5.7.0"
  dependencies:
    "@ethersproject/bytes": "npm:^5.7.0"
    "@ethersproject/logger": "npm:^5.7.0"
    hash.js: "npm:1.1.7"
  checksum: 10/09321057c022effbff4cc2d9b9558228690b5dd916329d75c4b1ffe32ba3d24b480a367a7cc92d0f0c0b1c896814d03351ae4630e2f1f7160be2bcfbde435dbc
  languageName: node
  linkType: hard

"@ethersproject/signing-key@npm:5.7.0, @ethersproject/signing-key@npm:^5.7.0":
  version: 5.7.0
  resolution: "@ethersproject/signing-key@npm:5.7.0"
  dependencies:
    "@ethersproject/bytes": "npm:^5.7.0"
    "@ethersproject/logger": "npm:^5.7.0"
    "@ethersproject/properties": "npm:^5.7.0"
    bn.js: "npm:^5.2.1"
    elliptic: "npm:6.5.4"
    hash.js: "npm:1.1.7"
  checksum: 10/ff2f79ded86232b139e7538e4aaa294c6022a7aaa8c95a6379dd7b7c10a6d363685c6967c816f98f609581cf01f0a5943c667af89a154a00bcfe093a8c7f3ce7
  languageName: node
  linkType: hard

"@ethersproject/solidity@npm:5.7.0":
  version: 5.7.0
  resolution: "@ethersproject/solidity@npm:5.7.0"
  dependencies:
    "@ethersproject/bignumber": "npm:^5.7.0"
    "@ethersproject/bytes": "npm:^5.7.0"
    "@ethersproject/keccak256": "npm:^5.7.0"
    "@ethersproject/logger": "npm:^5.7.0"
    "@ethersproject/sha2": "npm:^5.7.0"
    "@ethersproject/strings": "npm:^5.7.0"
  checksum: 10/9a02f37f801c96068c3e7721f83719d060175bc4e80439fe060e92bd7acfcb6ac1330c7e71c49f4c2535ca1308f2acdcb01e00133129aac00581724c2d6293f3
  languageName: node
  linkType: hard

"@ethersproject/strings@npm:5.7.0, @ethersproject/strings@npm:^5.7.0":
  version: 5.7.0
  resolution: "@ethersproject/strings@npm:5.7.0"
  dependencies:
    "@ethersproject/bytes": "npm:^5.7.0"
    "@ethersproject/constants": "npm:^5.7.0"
    "@ethersproject/logger": "npm:^5.7.0"
  checksum: 10/24191bf30e98d434a9fba2f522784f65162d6712bc3e1ccc98ed85c5da5884cfdb5a1376b7695374655a7b95ec1f5fdbeef5afc7d0ea77ffeb78047e9b791fa5
  languageName: node
  linkType: hard

"@ethersproject/transactions@npm:5.7.0, @ethersproject/transactions@npm:^5.7.0":
  version: 5.7.0
  resolution: "@ethersproject/transactions@npm:5.7.0"
  dependencies:
    "@ethersproject/address": "npm:^5.7.0"
    "@ethersproject/bignumber": "npm:^5.7.0"
    "@ethersproject/bytes": "npm:^5.7.0"
    "@ethersproject/constants": "npm:^5.7.0"
    "@ethersproject/keccak256": "npm:^5.7.0"
    "@ethersproject/logger": "npm:^5.7.0"
    "@ethersproject/properties": "npm:^5.7.0"
    "@ethersproject/rlp": "npm:^5.7.0"
    "@ethersproject/signing-key": "npm:^5.7.0"
  checksum: 10/d809e9d40020004b7de9e34bf39c50377dce8ed417cdf001bfabc81ecb1b7d1e0c808fdca0a339ea05e1b380648eaf336fe70f137904df2d3c3135a38190a5af
  languageName: node
  linkType: hard

"@ethersproject/units@npm:5.7.0":
  version: 5.7.0
  resolution: "@ethersproject/units@npm:5.7.0"
  dependencies:
    "@ethersproject/bignumber": "npm:^5.7.0"
    "@ethersproject/constants": "npm:^5.7.0"
    "@ethersproject/logger": "npm:^5.7.0"
  checksum: 10/304714f848cd32e57df31bf545f7ad35c2a72adae957198b28cbc62166daa929322a07bff6e9c9ac4577ab6aa0de0546b065ed1b2d20b19e25748b7d475cb0fc
  languageName: node
  linkType: hard

"@ethersproject/wallet@npm:5.7.0":
  version: 5.7.0
  resolution: "@ethersproject/wallet@npm:5.7.0"
  dependencies:
    "@ethersproject/abstract-provider": "npm:^5.7.0"
    "@ethersproject/abstract-signer": "npm:^5.7.0"
    "@ethersproject/address": "npm:^5.7.0"
    "@ethersproject/bignumber": "npm:^5.7.0"
    "@ethersproject/bytes": "npm:^5.7.0"
    "@ethersproject/hash": "npm:^5.7.0"
    "@ethersproject/hdnode": "npm:^5.7.0"
    "@ethersproject/json-wallets": "npm:^5.7.0"
    "@ethersproject/keccak256": "npm:^5.7.0"
    "@ethersproject/logger": "npm:^5.7.0"
    "@ethersproject/properties": "npm:^5.7.0"
    "@ethersproject/random": "npm:^5.7.0"
    "@ethersproject/signing-key": "npm:^5.7.0"
    "@ethersproject/transactions": "npm:^5.7.0"
    "@ethersproject/wordlists": "npm:^5.7.0"
  checksum: 10/340f8e5c77c6c47c4d1596c200d97c53c1d4b4eb54d9166d0f2a114cb81685e7689255b0627e917fbcdc29cb54c4bd1f1a9909f3096ef9dff9acc0b24972f1c1
  languageName: node
  linkType: hard

"@ethersproject/web@npm:5.7.1, @ethersproject/web@npm:^5.7.0":
  version: 5.7.1
  resolution: "@ethersproject/web@npm:5.7.1"
  dependencies:
    "@ethersproject/base64": "npm:^5.7.0"
    "@ethersproject/bytes": "npm:^5.7.0"
    "@ethersproject/logger": "npm:^5.7.0"
    "@ethersproject/properties": "npm:^5.7.0"
    "@ethersproject/strings": "npm:^5.7.0"
  checksum: 10/c83b6b3ac40573ddb67b1750bb4cf21ded7d8555be5e53a97c0f34964622fd88de9220a90a118434bae164a2bff3acbdc5ecb990517b5f6dc32bdad7adf604c2
  languageName: node
  linkType: hard

"@ethersproject/wordlists@npm:5.7.0, @ethersproject/wordlists@npm:^5.7.0":
  version: 5.7.0
  resolution: "@ethersproject/wordlists@npm:5.7.0"
  dependencies:
    "@ethersproject/bytes": "npm:^5.7.0"
    "@ethersproject/hash": "npm:^5.7.0"
    "@ethersproject/logger": "npm:^5.7.0"
    "@ethersproject/properties": "npm:^5.7.0"
    "@ethersproject/strings": "npm:^5.7.0"
  checksum: 10/737fca67ad743a32020f50f5b9e147e5683cfba2692367c1124a5a5538be78515865257b426ec9141daac91a70295e5e21bef7a193b79fe745f1be378562ccaa
  languageName: node
  linkType: hard

"@noble/curves@npm:1.4.0, @noble/curves@npm:~1.4.0":
  version: 1.4.2
  resolution: "@noble/curves@npm:1.4.2"
  dependencies:
    "@noble/hashes": "npm:1.4.0"
  checksum: 10/f433a2e8811ae345109388eadfa18ef2b0004c1f79417553241db4f0ad0d59550be6298a4f43d989c627e9f7551ffae6e402a4edf0173981e6da95fc7cab5123
  languageName: node
  linkType: hard

"@noble/hashes@npm:1.4.0, @noble/hashes@npm:~1.4.0":
  version: 1.4.0
  resolution: "@noble/hashes@npm:1.4.0"
  checksum: 10/e156e65794c473794c52fa9d06baf1eb20903d0d96719530f523cc4450f6c721a957c544796e6efd0197b2296e7cd70efeb312f861465e17940a3e3c7e0febc6
  languageName: node
  linkType: hard

"@pythnetwork/price-service-client@npm:1.9.0":
  version: 1.9.0
  resolution: "@pythnetwork/price-service-client@npm:1.9.0"
  dependencies:
    "@pythnetwork/price-service-sdk": "npm:*"
    "@types/ws": "npm:^8.5.3"
    axios: "npm:^1.5.1"
    axios-retry: "npm:^3.8.0"
    isomorphic-ws: "npm:^4.0.1"
    ts-log: "npm:^2.2.4"
    ws: "npm:^8.6.0"
  checksum: 10/1d8840175317676eaea7f396ca9c3e6d211342b3f5b8d58d98e1ab88cbf08df71f97a7592ae126036ea4d14f21827dd5e0f43b7683a15b645f58a6e20470b59f
  languageName: node
  linkType: hard

"@pythnetwork/price-service-sdk@npm:*":
  version: 1.7.1
  resolution: "@pythnetwork/price-service-sdk@npm:1.7.1"
  dependencies:
    bn.js: "npm:^5.2.1"
  checksum: 10/0358b5cfd5625bbe88a65900bbf50e6bcb4b3ff998da5d865ce7d03d8da8c34bc83f8faec84b9f5f0756ac818d3e89493be78be2dfd58c85d6450a0346af1310
  languageName: node
  linkType: hard

"@pythnetwork/pyth-evm-js@npm:^1.56.1":
  version: 1.56.1
  resolution: "@pythnetwork/pyth-evm-js@npm:1.56.1"
  dependencies:
    "@pythnetwork/price-service-client": "npm:1.9.0"
    buffer: "npm:^6.0.3"
  checksum: 10/88bf2ad673e598f90fd5fae597308a39ba6cb9cc9e855fae98d2e8aa37cdb07c09b36931438e9afb181efe3ad71c0d00160970b7d4b0ee21cbc718eb98b43275
  languageName: node
  linkType: hard

"@scure/base@npm:~1.1.6":
  version: 1.1.7
  resolution: "@scure/base@npm:1.1.7"
  checksum: 10/fc50ffaab36cb46ff9fa4dc5052a06089ab6a6707f63d596bb34aaaec76173c9a564ac312a0b981b5e7a5349d60097b8878673c75d6cbfc4da7012b63a82099b
  languageName: node
  linkType: hard

"@scure/bip32@npm:1.4.0":
  version: 1.4.0
  resolution: "@scure/bip32@npm:1.4.0"
  dependencies:
    "@noble/curves": "npm:~1.4.0"
    "@noble/hashes": "npm:~1.4.0"
    "@scure/base": "npm:~1.1.6"
  checksum: 10/6cd5062d902564d9e970597ec8b1adacb415b2eadfbb95aee1a1a0480a52eb0de4d294d3753aa8b48548064c9795ed108d348a31a8ce3fc88785377bb12c63b9
  languageName: node
  linkType: hard

"@scure/bip39@npm:1.3.0":
  version: 1.3.0
  resolution: "@scure/bip39@npm:1.3.0"
  dependencies:
    "@noble/hashes": "npm:~1.4.0"
    "@scure/base": "npm:~1.1.6"
  checksum: 10/7d71fd58153de22fe8cd65b525f6958a80487bc9d0fbc32c71c328aeafe41fa259f989d2f1e0fa4fdfeaf83b8fcf9310d52ed9862987e46c2f2bfb9dd8cf9fc1
  languageName: node
  linkType: hard

"@synthetixio/react-sdk@workspace:.":
  version: 0.0.0-use.local
  resolution: "@synthetixio/react-sdk@workspace:."
  dependencies:
    "@biomejs/biome": "npm:^1.8.3"
    "@pythnetwork/pyth-evm-js": "npm:^1.56.1"
    "@synthetixio/v3-contracts": "npm:^6.13.0"
    "@tanstack/react-query": "npm:^5.50.1"
    "@types/react": "npm:^18.3.3"
    debug: "npm:^4.3.5"
    ethers: "npm:^5.7.2"
    react: "npm:^18.3.1"
    typescript: "npm:^5.5.3"
    viem: "npm:^2.17.1"
  languageName: unknown
  linkType: soft

"@synthetixio/v3-contracts@npm:^6.13.0":
  version: 6.13.0
  resolution: "@synthetixio/v3-contracts@npm:6.13.0"
  checksum: 10/30375af354ced5904c335c4bcb2e4649ea9c01c7bdc0ecd776dc0f84847e189c73264b4872e006748ec01635df1122938be9fe61a1557fb70ef193e28c610cd2
  languageName: node
  linkType: hard

"@tanstack/query-core@npm:5.50.1":
  version: 5.50.1
  resolution: "@tanstack/query-core@npm:5.50.1"
  checksum: 10/f89f74bb6381738b04223534b9c4df435de418a242abb86af4f6db3010c96f2addd38ee658db3f500ac42070e6b15cdd0177636d3b046312d03a3220b13cf277
  languageName: node
  linkType: hard

"@tanstack/react-query@npm:^5.50.1":
  version: 5.50.1
  resolution: "@tanstack/react-query@npm:5.50.1"
  dependencies:
    "@tanstack/query-core": "npm:5.50.1"
  peerDependencies:
    react: ^18.0.0
  checksum: 10/ab70f213ae77f9d59172cb571c0832d3d443b85c6cfb6540d4a15235373d26af18dd5214cd1f62275cfbc54164f64f6f2ef5a85e7cb442639b411a41fb65aae6
  languageName: node
  linkType: hard

"@types/node@npm:*":
  version: 20.14.9
  resolution: "@types/node@npm:20.14.9"
  dependencies:
    undici-types: "npm:~5.26.4"
  checksum: 10/f313b06c79be92f5d3541159ef813b9fc606941f951ecf826e940658c6d4952755ca2f06277b746326cef0697ed79a04676ecde053d32e1121b3352c8168d2e9
  languageName: node
  linkType: hard

"@types/prop-types@npm:*":
  version: 15.7.12
  resolution: "@types/prop-types@npm:15.7.12"
  checksum: 10/ac16cc3d0a84431ffa5cfdf89579ad1e2269549f32ce0c769321fdd078f84db4fbe1b461ed5a1a496caf09e637c0e367d600c541435716a55b1d9713f5035dfe
  languageName: node
  linkType: hard

"@types/react@npm:^18.3.3":
  version: 18.3.3
  resolution: "@types/react@npm:18.3.3"
  dependencies:
    "@types/prop-types": "npm:*"
    csstype: "npm:^3.0.2"
  checksum: 10/68e203b7f1f91d6cf21f33fc7af9d6d228035a26c83f514981e54aa3da695d0ec6af10c277c6336de1dd76c4adbe9563f3a21f80c4462000f41e5f370b46e96c
  languageName: node
  linkType: hard

"@types/ws@npm:^8.5.3":
  version: 8.5.10
  resolution: "@types/ws@npm:8.5.10"
  dependencies:
    "@types/node": "npm:*"
  checksum: 10/9b414dc5e0b6c6f1ea4b1635b3568c58707357f68076df9e7cd33194747b7d1716d5189c0dbdd68c8d2521b148e88184cf881bac7429eb0e5c989b001539ed31
  languageName: node
  linkType: hard

"abitype@npm:1.0.5":
  version: 1.0.5
  resolution: "abitype@npm:1.0.5"
  peerDependencies:
    typescript: ">=5.0.4"
    zod: ^3 >=3.22.0
  peerDependenciesMeta:
    typescript:
      optional: true
    zod:
      optional: true
  checksum: 10/1acd0d9687945dd78442b71bd84ff3b9dceae27d15f0d8b14b16554a0c8c9518eeb971ff8e94d507f4d9f05a8a8b91eb8fafd735eaecebac37d5c5a4aac06d8e
  languageName: node
  linkType: hard

"aes-js@npm:3.0.0":
  version: 3.0.0
  resolution: "aes-js@npm:3.0.0"
  checksum: 10/1b3772e5ba74abdccb6c6b99bf7f50b49057b38c0db1612b46c7024414f16e65ba7f1643b2d6e38490b1870bdf3ba1b87b35e2c831fd3fdaeff015f08aad19d1
  languageName: node
  linkType: hard

"asynckit@npm:^0.4.0":
  version: 0.4.0
  resolution: "asynckit@npm:0.4.0"
  checksum: 10/3ce727cbc78f69d6a4722517a58ee926c8c21083633b1d3fdf66fd688f6c127a53a592141bd4866f9b63240a86e9d8e974b13919450bd17fa33c2d22c4558ad8
  languageName: node
  linkType: hard

"axios-retry@npm:^3.8.0":
  version: 3.9.1
  resolution: "axios-retry@npm:3.9.1"
  dependencies:
    "@babel/runtime": "npm:^7.15.4"
    is-retry-allowed: "npm:^2.2.0"
  checksum: 10/9a28dd8aa4640c2af30789059a1a84549178b2a415bf765a35fe6bba9cd3d78b2ee2da07e448e823303c05f3a83bf98709f4aa64a43c0f6c2812e1665126b97e
  languageName: node
  linkType: hard

"axios@npm:^1.5.1":
  version: 1.7.2
  resolution: "axios@npm:1.7.2"
  dependencies:
    follow-redirects: "npm:^1.15.6"
    form-data: "npm:^4.0.0"
    proxy-from-env: "npm:^1.1.0"
  checksum: 10/6ae80dda9736bb4762ce717f1a26ff997d94672d3a5799ad9941c24d4fb019c1dff45be8272f08d1975d7950bac281f3ba24aff5ecd49ef5a04d872ec428782f
  languageName: node
  linkType: hard

"base64-js@npm:^1.3.1":
  version: 1.5.1
  resolution: "base64-js@npm:1.5.1"
  checksum: 10/669632eb3745404c2f822a18fc3a0122d2f9a7a13f7fb8b5823ee19d1d2ff9ee5b52c53367176ea4ad093c332fd5ab4bd0ebae5a8e27917a4105a4cfc86b1005
  languageName: node
  linkType: hard

"bech32@npm:1.1.4":
  version: 1.1.4
  resolution: "bech32@npm:1.1.4"
  checksum: 10/63ff37c0ce43be914c685ce89700bba1589c319af0dac1ea04f51b33d0e5ecfd40d14c24f527350b94f0a4e236385373bb9122ec276410f354ddcdbf29ca13f4
  languageName: node
  linkType: hard

"bn.js@npm:^4.11.9":
  version: 4.12.0
  resolution: "bn.js@npm:4.12.0"
  checksum: 10/10f8db196d3da5adfc3207d35d0a42aa29033eb33685f20ba2c36cadfe2de63dad05df0a20ab5aae01b418d1c4b3d4d205273085262fa020d17e93ff32b67527
  languageName: node
  linkType: hard

"bn.js@npm:^5.2.1":
  version: 5.2.1
  resolution: "bn.js@npm:5.2.1"
  checksum: 10/7a7e8764d7a6e9708b8b9841b2b3d6019cc154d2fc23716d0efecfe1e16921b7533c6f7361fb05471eab47986c4aa310c270f88e3507172104632ac8df2cfd84
  languageName: node
  linkType: hard

"brorand@npm:^1.1.0":
  version: 1.1.0
  resolution: "brorand@npm:1.1.0"
  checksum: 10/8a05c9f3c4b46572dec6ef71012b1946db6cae8c7bb60ccd4b7dd5a84655db49fe043ecc6272e7ef1f69dc53d6730b9e2a3a03a8310509a3d797a618cbee52be
  languageName: node
  linkType: hard

"buffer@npm:^6.0.3":
  version: 6.0.3
  resolution: "buffer@npm:6.0.3"
  dependencies:
    base64-js: "npm:^1.3.1"
    ieee754: "npm:^1.2.1"
  checksum: 10/b6bc68237ebf29bdacae48ce60e5e28fc53ae886301f2ad9496618efac49427ed79096750033e7eab1897a4f26ae374ace49106a5758f38fb70c78c9fda2c3b1
  languageName: node
  linkType: hard

"combined-stream@npm:^1.0.8":
  version: 1.0.8
  resolution: "combined-stream@npm:1.0.8"
  dependencies:
    delayed-stream: "npm:~1.0.0"
  checksum: 10/2e969e637d05d09fa50b02d74c83a1186f6914aae89e6653b62595cc75a221464f884f55f231b8f4df7a49537fba60bdc0427acd2bf324c09a1dbb84837e36e4
  languageName: node
  linkType: hard

"csstype@npm:^3.0.2":
  version: 3.1.3
  resolution: "csstype@npm:3.1.3"
  checksum: 10/f593cce41ff5ade23f44e77521e3a1bcc2c64107041e1bf6c3c32adc5187d0d60983292fda326154d20b01079e24931aa5b08e4467cc488b60bb1e7f6d478ade
  languageName: node
  linkType: hard

"debug@npm:^4.3.5":
  version: 4.3.5
  resolution: "debug@npm:4.3.5"
  dependencies:
    ms: "npm:2.1.2"
  peerDependenciesMeta:
    supports-color:
      optional: true
  checksum: 10/cb6eab424c410e07813ca1392888589972ce9a32b8829c6508f5e1f25f3c3e70a76731610ae55b4bbe58d1a2fffa1424b30e97fa8d394e49cd2656a9643aedd2
  languageName: node
  linkType: hard

"delayed-stream@npm:~1.0.0":
  version: 1.0.0
  resolution: "delayed-stream@npm:1.0.0"
  checksum: 10/46fe6e83e2cb1d85ba50bd52803c68be9bd953282fa7096f51fc29edd5d67ff84ff753c51966061e5ba7cb5e47ef6d36a91924eddb7f3f3483b1c560f77a0020
  languageName: node
  linkType: hard

"elliptic@npm:6.5.4":
  version: 6.5.4
  resolution: "elliptic@npm:6.5.4"
  dependencies:
    bn.js: "npm:^4.11.9"
    brorand: "npm:^1.1.0"
    hash.js: "npm:^1.0.0"
    hmac-drbg: "npm:^1.0.1"
    inherits: "npm:^2.0.4"
    minimalistic-assert: "npm:^1.0.1"
    minimalistic-crypto-utils: "npm:^1.0.1"
  checksum: 10/2cd7ff4b69720dbb2ca1ca650b2cf889d1df60c96d4a99d331931e4fe21e45a7f3b8074e86618ca7e56366c4b6258007f234f9d61d9b0c87bbbc8ea990b99e94
  languageName: node
  linkType: hard

"ethers@npm:^5.7.2":
  version: 5.7.2
  resolution: "ethers@npm:5.7.2"
  dependencies:
    "@ethersproject/abi": "npm:5.7.0"
    "@ethersproject/abstract-provider": "npm:5.7.0"
    "@ethersproject/abstract-signer": "npm:5.7.0"
    "@ethersproject/address": "npm:5.7.0"
    "@ethersproject/base64": "npm:5.7.0"
    "@ethersproject/basex": "npm:5.7.0"
    "@ethersproject/bignumber": "npm:5.7.0"
    "@ethersproject/bytes": "npm:5.7.0"
    "@ethersproject/constants": "npm:5.7.0"
    "@ethersproject/contracts": "npm:5.7.0"
    "@ethersproject/hash": "npm:5.7.0"
    "@ethersproject/hdnode": "npm:5.7.0"
    "@ethersproject/json-wallets": "npm:5.7.0"
    "@ethersproject/keccak256": "npm:5.7.0"
    "@ethersproject/logger": "npm:5.7.0"
    "@ethersproject/networks": "npm:5.7.1"
    "@ethersproject/pbkdf2": "npm:5.7.0"
    "@ethersproject/properties": "npm:5.7.0"
    "@ethersproject/providers": "npm:5.7.2"
    "@ethersproject/random": "npm:5.7.0"
    "@ethersproject/rlp": "npm:5.7.0"
    "@ethersproject/sha2": "npm:5.7.0"
    "@ethersproject/signing-key": "npm:5.7.0"
    "@ethersproject/solidity": "npm:5.7.0"
    "@ethersproject/strings": "npm:5.7.0"
    "@ethersproject/transactions": "npm:5.7.0"
    "@ethersproject/units": "npm:5.7.0"
    "@ethersproject/wallet": "npm:5.7.0"
    "@ethersproject/web": "npm:5.7.1"
    "@ethersproject/wordlists": "npm:5.7.0"
  checksum: 10/227dfa88a2547c799c0c3c9e92e5e246dd11342f4b495198b3ae7c942d5bf81d3970fcef3fbac974a9125d62939b2d94f3c0458464e702209b839a8e6e615028
  languageName: node
  linkType: hard

"follow-redirects@npm:^1.15.6":
  version: 1.15.6
  resolution: "follow-redirects@npm:1.15.6"
  peerDependenciesMeta:
    debug:
      optional: true
  checksum: 10/70c7612c4cab18e546e36b991bbf8009a1a41cf85354afe04b113d1117569abf760269409cb3eb842d9f7b03d62826687086b081c566ea7b1e6613cf29030bf7
  languageName: node
  linkType: hard

"form-data@npm:^4.0.0":
  version: 4.0.0
  resolution: "form-data@npm:4.0.0"
  dependencies:
    asynckit: "npm:^0.4.0"
    combined-stream: "npm:^1.0.8"
    mime-types: "npm:^2.1.12"
  checksum: 10/7264aa760a8cf09482816d8300f1b6e2423de1b02bba612a136857413fdc96d7178298ced106817655facc6b89036c6e12ae31c9eb5bdc16aabf502ae8a5d805
  languageName: node
  linkType: hard

"hash.js@npm:1.1.7, hash.js@npm:^1.0.0, hash.js@npm:^1.0.3":
  version: 1.1.7
  resolution: "hash.js@npm:1.1.7"
  dependencies:
    inherits: "npm:^2.0.3"
    minimalistic-assert: "npm:^1.0.1"
  checksum: 10/0c89ee4006606a40f92df5cc3c263342e7fea68110f3e9ef032bd2083650430505db01b6b7926953489517d4027535e4fdc7f970412893d3031c361d3ec8f4b3
  languageName: node
  linkType: hard

"hmac-drbg@npm:^1.0.1":
  version: 1.0.1
  resolution: "hmac-drbg@npm:1.0.1"
  dependencies:
    hash.js: "npm:^1.0.3"
    minimalistic-assert: "npm:^1.0.0"
    minimalistic-crypto-utils: "npm:^1.0.1"
  checksum: 10/0298a1445b8029a69b713d918ecaa84a1d9f614f5857e0c6e1ca517abfa1357216987b2ee08cc6cc73ba82a6c6ddf2ff11b9717a653530ef03be599d4699b836
  languageName: node
  linkType: hard

"ieee754@npm:^1.2.1":
  version: 1.2.1
  resolution: "ieee754@npm:1.2.1"
  checksum: 10/d9f2557a59036f16c282aaeb107832dc957a93d73397d89bbad4eb1130560560eb695060145e8e6b3b498b15ab95510226649a0b8f52ae06583575419fe10fc4
  languageName: node
  linkType: hard

"inherits@npm:^2.0.3, inherits@npm:^2.0.4":
  version: 2.0.4
  resolution: "inherits@npm:2.0.4"
  checksum: 10/cd45e923bee15186c07fa4c89db0aace24824c482fb887b528304694b2aa6ff8a898da8657046a5dcf3e46cd6db6c61629551f9215f208d7c3f157cf9b290521
  languageName: node
  linkType: hard

"is-retry-allowed@npm:^2.2.0":
  version: 2.2.0
  resolution: "is-retry-allowed@npm:2.2.0"
  checksum: 10/6d8685530871f0b040346cc72322d90122473e921149affa16de363d6c2a6e46bc76abdfaac3259b93994ec8e7f70fbe67bbb080190e440533ff728e6a64494d
  languageName: node
  linkType: hard

"isomorphic-ws@npm:^4.0.1":
  version: 4.0.1
  resolution: "isomorphic-ws@npm:4.0.1"
  peerDependencies:
    ws: "*"
  checksum: 10/d7190eadefdc28bdb93d67b5f0c603385aaf87724fa2974abb382ac1ec9756ed2cfb27065cbe76122879c2d452e2982bc4314317f3d6c737ddda6c047328771a
  languageName: node
  linkType: hard

"isows@npm:1.0.4":
  version: 1.0.4
  resolution: "isows@npm:1.0.4"
  peerDependencies:
    ws: "*"
  checksum: 10/a3ee62e3d6216abb3adeeb2a551fe2e7835eac87b05a6ecc3e7739259bf5f8e83290501f49e26137390c8093f207fc3378d4a7653aab76ad7bbab4b2dba9c5b9
  languageName: node
  linkType: hard

"js-sha3@npm:0.8.0":
  version: 0.8.0
  resolution: "js-sha3@npm:0.8.0"
  checksum: 10/a49ac6d3a6bfd7091472a28ab82a94c7fb8544cc584ee1906486536ba1cb4073a166f8c7bb2b0565eade23c5b3a7b8f7816231e0309ab5c549b737632377a20c
  languageName: node
  linkType: hard

"js-tokens@npm:^3.0.0 || ^4.0.0":
  version: 4.0.0
  resolution: "js-tokens@npm:4.0.0"
  checksum: 10/af37d0d913fb56aec6dc0074c163cc71cd23c0b8aad5c2350747b6721d37ba118af35abdd8b33c47ec2800de07dedb16a527ca9c530ee004093e04958bd0cbf2
  languageName: node
  linkType: hard

"loose-envify@npm:^1.1.0":
  version: 1.4.0
  resolution: "loose-envify@npm:1.4.0"
  dependencies:
    js-tokens: "npm:^3.0.0 || ^4.0.0"
  bin:
    loose-envify: cli.js
  checksum: 10/6517e24e0cad87ec9888f500c5b5947032cdfe6ef65e1c1936a0c48a524b81e65542c9c3edc91c97d5bddc806ee2a985dbc79be89215d613b1de5db6d1cfe6f4
  languageName: node
  linkType: hard

"mime-db@npm:1.52.0":
  version: 1.52.0
  resolution: "mime-db@npm:1.52.0"
  checksum: 10/54bb60bf39e6f8689f6622784e668a3d7f8bed6b0d886f5c3c446cb3284be28b30bf707ed05d0fe44a036f8469976b2629bbea182684977b084de9da274694d7
  languageName: node
  linkType: hard

"mime-types@npm:^2.1.12":
  version: 2.1.35
  resolution: "mime-types@npm:2.1.35"
  dependencies:
    mime-db: "npm:1.52.0"
  checksum: 10/89aa9651b67644035de2784a6e665fc685d79aba61857e02b9c8758da874a754aed4a9aced9265f5ed1171fd934331e5516b84a7f0218031b6fa0270eca1e51a
  languageName: node
  linkType: hard

"minimalistic-assert@npm:^1.0.0, minimalistic-assert@npm:^1.0.1":
  version: 1.0.1
  resolution: "minimalistic-assert@npm:1.0.1"
  checksum: 10/cc7974a9268fbf130fb055aff76700d7e2d8be5f761fb5c60318d0ed010d839ab3661a533ad29a5d37653133385204c503bfac995aaa4236f4e847461ea32ba7
  languageName: node
  linkType: hard

"minimalistic-crypto-utils@npm:^1.0.1":
  version: 1.0.1
  resolution: "minimalistic-crypto-utils@npm:1.0.1"
  checksum: 10/6e8a0422b30039406efd4c440829ea8f988845db02a3299f372fceba56ffa94994a9c0f2fd70c17f9969eedfbd72f34b5070ead9656a34d3f71c0bd72583a0ed
  languageName: node
  linkType: hard

"ms@npm:2.1.2":
  version: 2.1.2
  resolution: "ms@npm:2.1.2"
  checksum: 10/673cdb2c3133eb050c745908d8ce632ed2c02d85640e2edb3ace856a2266a813b30c613569bf3354fdf4ea7d1a1494add3bfa95e2713baa27d0c2c71fc44f58f
  languageName: node
  linkType: hard

"proxy-from-env@npm:^1.1.0":
  version: 1.1.0
  resolution: "proxy-from-env@npm:1.1.0"
  checksum: 10/f0bb4a87cfd18f77bc2fba23ae49c3b378fb35143af16cc478171c623eebe181678f09439707ad80081d340d1593cd54a33a0113f3ccb3f4bc9451488780ee23
  languageName: node
  linkType: hard

"react@npm:^18.3.1":
  version: 18.3.1
  resolution: "react@npm:18.3.1"
  dependencies:
    loose-envify: "npm:^1.1.0"
  checksum: 10/261137d3f3993eaa2368a83110466fc0e558bc2c7f7ae7ca52d94f03aac945f45146bd85e5f481044db1758a1dbb57879e2fcdd33924e2dde1bdc550ce73f7bf
  languageName: node
  linkType: hard

"regenerator-runtime@npm:^0.14.0":
  version: 0.14.1
  resolution: "regenerator-runtime@npm:0.14.1"
  checksum: 10/5db3161abb311eef8c45bcf6565f4f378f785900ed3945acf740a9888c792f75b98ecb77f0775f3bf95502ff423529d23e94f41d80c8256e8fa05ed4b07cf471
  languageName: node
  linkType: hard

"scrypt-js@npm:3.0.1":
  version: 3.0.1
  resolution: "scrypt-js@npm:3.0.1"
  checksum: 10/2f8aa72b7f76a6f9c446bbec5670f80d47497bccce98474203d89b5667717223eeb04a50492ae685ed7adc5a060fc2d8f9fd988f8f7ebdaf3341967f3aeff116
  languageName: node
  linkType: hard

"ts-log@npm:^2.2.4":
  version: 2.2.5
  resolution: "ts-log@npm:2.2.5"
  checksum: 10/b8fb444ae3b05ac8f709a1acee26dba014ed601e1fc36fa2bfcac5555032eb6c6ca9cd16b8da21832f1631785c3ad7de7177d8e7631c197a1aeca64f03a872a4
  languageName: node
  linkType: hard

"typescript@npm:^5.5.3":
  version: 5.5.3
  resolution: "typescript@npm:5.5.3"
  bin:
    tsc: bin/tsc
    tsserver: bin/tsserver
  checksum: 10/11a867312419ed497929aafd2f1d28b2cd41810a5eb6c6e9e169559112e9ea073d681c121a29102e67cd4478d0a4ae37a306a5800f3717f59c4337e6a9bd5e8d
  languageName: node
  linkType: hard

"typescript@patch:typescript@npm%3A^5.5.3#optional!builtin<compat/typescript>":
  version: 5.5.3
  resolution: "typescript@patch:typescript@npm%3A5.5.3#optional!builtin<compat/typescript>::version=5.5.3&hash=379a07"
  bin:
    tsc: bin/tsc
    tsserver: bin/tsserver
  checksum: 10/7cf7acb78a80f749b82842f2ffe01e90e7b3e709a6f4268588e0b7599c41dca1059be217f47778fe1a380bfaf60933021ef20d002c426d4d7745e1b36c11467b
  languageName: node
  linkType: hard

"undici-types@npm:~5.26.4":
  version: 5.26.5
  resolution: "undici-types@npm:5.26.5"
  checksum: 10/0097779d94bc0fd26f0418b3a05472410408877279141ded2bd449167be1aed7ea5b76f756562cb3586a07f251b90799bab22d9019ceba49c037c76445f7cddd
  languageName: node
  linkType: hard

"viem@npm:^2.17.1":
  version: 2.17.1
  resolution: "viem@npm:2.17.1"
  dependencies:
    "@adraffy/ens-normalize": "npm:1.10.0"
    "@noble/curves": "npm:1.4.0"
    "@noble/hashes": "npm:1.4.0"
    "@scure/bip32": "npm:1.4.0"
    "@scure/bip39": "npm:1.3.0"
    abitype: "npm:1.0.5"
    isows: "npm:1.0.4"
    ws: "npm:8.17.1"
  peerDependencies:
    typescript: ">=5.0.4"
  peerDependenciesMeta:
    typescript:
      optional: true
  checksum: 10/e45299f527fe4db1e2ae397669ccada41512d4070757497dc798d8dadcac05a1e4d5481483f25c91d02a5cb986e1c43d73093b9e368008db63ff896f57a563ee
  languageName: node
  linkType: hard

"ws@npm:7.4.6":
  version: 7.4.6
  resolution: "ws@npm:7.4.6"
  peerDependencies:
    bufferutil: ^4.0.1
    utf-8-validate: ^5.0.2
  peerDependenciesMeta:
    bufferutil:
      optional: true
    utf-8-validate:
      optional: true
  checksum: 10/150e3f917b7cde568d833a5ea6ccc4132e59c38d04218afcf2b6c7b845752bd011a9e0dc1303c8694d3c402a0bdec5893661a390b71ff88f0fc81a4e4e66b09c
  languageName: node
  linkType: hard

"ws@npm:8.17.1, ws@npm:^8.6.0":
  version: 8.18.0
  resolution: "ws@npm:8.18.0"
  peerDependencies:
    bufferutil: ^4.0.1
    utf-8-validate: ">=5.0.2"
  peerDependenciesMeta:
    bufferutil:
      optional: true
    utf-8-validate:
      optional: true
  checksum: 10/70dfe53f23ff4368d46e4c0b1d4ca734db2c4149c6f68bc62cb16fc21f753c47b35fcc6e582f3bdfba0eaeb1c488cddab3c2255755a5c3eecb251431e42b3ff6
  languageName: node
  linkType: hard
